
Microsoft Visual Studio Solution File, Format Version 11.00
# Visual Studio 2010
Project("{FAE04EC0-301F-11D3-BF4B-00C04F79EFBC}") = "StudentProfile", "StudentProfile\StudentProfile.csproj", "{230FB420-3288-4522-A5B5-5A90E43753D8}"
EndProject
Project("{FAE04EC0-301F-11D3-BF4B-00C04F79EFBC}") = "StudentProfile.DAL", "StudentProfile.DAL\StudentProfile.DAL.csproj", "{5804197D-9165-48B1-AF68-48CCDE80EF81}"
EndProject
Global
	GlobalSection(SolutionConfigurationPlatforms) = preSolution
		Debug|Any CPU = Debug|Any CPU
		Release|Any CPU = Release|Any CPU
	EndGlobalSection
	GlobalSection(ProjectConfigurationPlatforms) = postSolution
		{230FB420-3288-4522-A5B5-5A90E43753D8}.Debug|Any CPU.ActiveCfg = Debug|Any CPU
		{230FB420-3288-4522-A5B5-5A90E43753D8}.Debug|Any CPU.Build.0 = Debug|Any CPU
		{230FB420-3288-4522-A5B5-5A90E43753D8}.Release|Any CPU.ActiveCfg = Release|Any CPU
		{230FB420-3288-4522-A5B5-5A90E43753D8}.Release|Any CPU.Build.0 = Release|Any CPU
		{5804197D-9165-48B1-AF68-48CCDE80EF81}.Debug|Any CPU.ActiveCfg = Debug|Any CPU
		{5804197D-9165-48B1-AF68-48CCDE80EF81}.Debug|Any CPU.Build.0 = Debug|Any CPU
		{5804197D-9165-48B1-AF68-48CCDE80EF81}.Release|Any CPU.ActiveCfg = Release|Any CPU
		{5804197D-9165-48B1-AF68-48CCDE80EF81}.Release|Any CPU.Build.0 = Release|Any CPU
	EndGlobalSection
	GlobalSection(SolutionProperties) = preSolution
		HideSolutionNode = FALSE
	EndGlobalSection
EndGlobal
